
Microsoft Visual Studio Solution File, Format Version 12.00
# Visual Studio Version 17
VisualStudioVersion = 17.10.35027.167
MinimumVisualStudioVersion = 10.0.40219.1
Project("{FAE04EC0-301F-11D3-BF4B-00C04F79EFBC}") = "TD Cellule mutante", "TD Cellule mutante\TD Cellule mutante.csproj", "{5C15649C-1B05-4BCC-93A8-F8C48BF89093}"
EndProject
Global
	GlobalSection(SolutionConfigurationPlatforms) = preSolution
		Debug|Any CPU = Debug|Any CPU
		Release|Any CPU = Release|Any CPU
	EndGlobalSection
	GlobalSection(ProjectConfigurationPlatforms) = postSolution
		{5C15649C-1B05-4BCC-93A8-F8C48BF89093}.Debug|Any CPU.ActiveCfg = Debug|Any CPU
		{5C15649C-1B05-4BCC-93A8-F8C48BF89093}.Debug|Any CPU.Build.0 = Debug|Any CPU
		{5C15649C-1B05-4BCC-93A8-F8C48BF89093}.Release|Any CPU.ActiveCfg = Release|Any CPU
		{5C15649C-1B05-4BCC-93A8-F8C48BF89093}.Release|Any CPU.Build.0 = Release|Any CPU
	EndGlobalSection
	GlobalSection(SolutionProperties) = preSolution
		HideSolutionNode = FALSE
	EndGlobalSection
	GlobalSection(ExtensibilityGlobals) = postSolution
		SolutionGuid = {6414B8A8-7B00-4107-B8C7-5A458A6285B5}
	EndGlobalSection
EndGlobal
